// !$*UTF8*$!
{
	archiveVersion = 1;
	classes = {
	};
	objectVersion = 46;
	objects = {

/* Begin PBXBuildFile section */
		09DDFB861C964F2700BD78D0 /* main.m in Sources */ = {isa = PBXBuildFile; fileRef = 09DDFB851C964F2700BD78D0 /* main.m */; };
		09DDFB891C964F2700BD78D0 /* AppDelegate.m in Sources */ = {isa = PBXBuildFile; fileRef = 09DDFB881C964F2700BD78D0 /* AppDelegate.m */; };
		09DDFB8C1C964F2700BD78D0 /* ViewController.m in Sources */ = {isa = PBXBuildFile; fileRef = 09DDFB8B1C964F2700BD78D0 /* ViewController.m */; };
		09DDFB8F1C964F2700BD78D0 /* Main.storyboard in Resources */ = {isa = PBXBuildFile; fileRef = 09DDFB8D1C964F2700BD78D0 /* Main.storyboard */; };
		09DDFB911C964F2700BD78D0 /* Assets.xcassets in Resources */ = {isa = PBXBuildFile; fileRef = 09DDFB901C964F2700BD78D0 /* Assets.xcassets */; };
		09DDFB941C964F2700BD78D0 /* LaunchScreen.storyboard in Resources */ = {isa = PBXBuildFile; fileRef = 09DDFB921C964F2700BD78D0 /* LaunchScreen.storyboard */; };
		09DDFB9D1C964F7A00BD78D0 /* ColumarView.m in Sources */ = {isa = PBXBuildFile; fileRef = 09DDFB9C1C964F7A00BD78D0 /* ColumarView.m */; };
/* End PBXBuildFile section */

/* Begin PBXFileReference section */
		09DDFB811C964F2700BD78D0 /* ColumnarDemo.app */ = {isa = PBXFileReference; explicitFileType = wrapper.application; includeInIndex = 0; path = ColumnarDemo.app; sourceTree = BUILT_PRODUCTS_DIR; };
		09DDFB851C964F2700BD78D0 /* main.m */ = {isa = PBXFileReference; lastKnownFileType = sourcecode.c.objc; path = main.m; sourceTree = "<group>"; };
		09DDFB871C964F2700BD78D0 /* AppDelegate.h */ = {isa = PBXFileReference; lastKnownFileType = sourcecode.c.h; path = AppDelegate.h; sourceTree = "<group>"; };
		09DDFB881C964F2700BD78D0 /* AppDelegate.m */ = {isa = PBXFileReference; lastKnownFileType = sourcecode.c.objc; path = AppDelegate.m; sourceTree = "<group>"; };
		09DDFB8A1C964F2700BD78D0 /* ViewController.h */ = {isa = PBXFileReference; lastKnownFileType = sourcecode.c.h; path = ViewController.h; sourceTree = "<group>"; };
		09DDFB8B1C964F2700BD78D0 /* ViewController.m */ = {isa = PBXFileReference; lastKnownFileType = sourcecode.c.objc; path = ViewController.m; sourceTree = "<group>"; };
		09DDFB8E1C964F2700BD78D0 /* Base */ = {isa = PBXFileReference; lastKnownFileType = file.storyboard; name = Base; path = Base.lproj/Main.storyboard; sourceTree = "<group>"; };
		09DDFB901C964F2700BD78D0 /* Assets.xcassets */ = {isa = PBXFileReference; lastKnownFileType = folder.assetcatalog; path = Assets.xcassets; sourceTree = "<group>"; };
		09DDFB931C964F2700BD78D0 /* Base */ = {isa = PBXFileReference; lastKnownFileType = file.storyboard; name = Base; path = Base.lproj/LaunchScreen.storyboard; sourceTree = "<group>"; };
		09DDFB951C964F2700BD78D0 /* Info.plist */ = {isa = PBXFileReference; lastKnownFileType = text.plist.xml; path = Info.plist; sourceTree = "<group>"; };
		09DDFB9B1C964F7A00BD78D0 /* ColumarView.h */ = {isa = PBXFileReference; fileEncoding = 4; lastKnownFileType = sourcecode.c.h; path = ColumarView.h; sourceTree = "<group>"; };
		09DDFB9C1C964F7A00BD78D0 /* ColumarView.m */ = {isa = PBXFileReference; fileEncoding = 4; lastKnownFileType = sourcecode.c.objc; path = ColumarView.m; sourceTree = "<group>"; };
/* End PBXFileReference section */

/* Begin PBXFrameworksBuildPhase section */
		09DDFB7E1C964F2700BD78D0 /* Frameworks */ = {
			isa = PBXFrameworksBuildPhase;
			buildActionMask = 2147483647;
			files = (
			);
			runOnlyForDeploymentPostprocessing = 0;
		};
/* End PBXFrameworksBuildPhase section */

/* Begin PBXGroup section */
		09DDFB781C964F2700BD78D0 = {
			isa = PBXGroup;
			children = (
				09DDFB831C964F2700BD78D0 /* ColumnarDemo */,
				09DDFB821C964F2700BD78D0 /* Products */,
			);
			sourceTree = "<group>";
		};
		09DDFB821C964F2700BD78D0 /* Products */ = {
			isa = PBXGroup;
			children = (
				09DDFB811C964F2700BD78D0 /* ColumnarDemo.app */,
			);
			name = Products;
			sourceTree = "<group>";
		};
		09DDFB831C964F2700BD78D0 /* ColumnarDemo */ = {
			isa = PBXGroup;
			children = (
				09DDFB871C964F2700BD78D0 /* AppDelegate.h */,
				09DDFB881C964F2700BD78D0 /* AppDelegate.m */,
				09DDFB8A1C964F2700BD78D0 /* ViewController.h */,
				09DDFB8B1C964F2700BD78D0 /* ViewController.m */,
				09DDFB8D1C964F2700BD78D0 /* Main.storyboard */,
				09DDFB901C964F2700BD78D0 /* Assets.xcassets */,
				09DDFB921C964F2700BD78D0 /* LaunchScreen.storyboard */,
				09DDFB951C964F2700BD78D0 /* Info.plist */,
				09DDFB841C964F2700BD78D0 /* Supporting Files */,
				09DDFB9B1C964F7A00BD78D0 /* ColumarView.h */,
				09DDFB9C1C964F7A00BD78D0 /* ColumarView.m */,
			);
			path = ColumnarDemo;
			sourceTree = "<group>";
		};
		09DDFB841C964F2700BD78D0 /* Supporting Files */ = {
			isa = PBXGroup;
			children = (
				09DDFB851C964F2700BD78D0 /* main.m */,
			);
			name = "Supporting Files";
			sourceTree = "<group>";
		};
/* End PBXGroup section */

/* Begin PBXNativeTarget section */
		09DDFB801C964F2700BD78D0 /* ColumnarDemo */ = {
			isa = PBXNativeTarget;
			buildConfigurationList = 09DDFB981C964F2700BD78D0 /* Build configuration list for PBXNativeTarget "ColumnarDemo" */;
			buildPhases = (
				09DDFB7D1C964F2700BD78D0 /* Sources */,
				09DDFB7E1C964F2700BD78D0 /* Frameworks */,
				09DDFB7F1C964F2700BD78D0 /* Resources */,
			);
			buildRules = (
			);
			dependencies = (
			);
			name = ColumnarDemo;
			productName = ColumnarDemo;
			productReference = 09DDFB811C964F2700BD78D0 /* ColumnarDemo.app */;
			productType = "com.apple.product-type.application";
		};
/* End PBXNativeTarget section */

/* Begin PBXProject section */
		09DDFB791C964F2700BD78D0 /* Project object */ = {
			isa = PBXProject;
			attributes = {
				LastUpgradeCheck = 0720;
				ORGANIZATIONNAME = hivebox;
				TargetAttributes = {
					09DDFB801C964F2700BD78D0 = {
						CreatedOnToolsVersion = 7.2;
					};
				};
			};
			buildConfigurationList = 09DDFB7C1C964F2700BD78D0 /* Build configuration list for PBXProject "ColumnarDemo" */;
			compatibilityVersion = "Xcode 3.2";
			developmentRegion = English;
			hasScannedForEncodings = 0;
			knownRegions = (
				en,
				Base,
			);
			mainGroup = 09DDFB781C964F2700BD78D0;
			productRefGroup = 09DDFB821C964F2700BD78D0 /* Products */;
			projectDirPath = "";
			projectRoot = "";
			targets = (
				09DDFB801C964F2700BD78D0 /* ColumnarDemo */,
			);
		};
/* End PBXProject section */

/* Begin PBXResourcesBuildPhase section */
		09DDFB7F1C964F2700BD78D0 /* Resources */ = {
			isa = PBXResourcesBuildPhase;
			buildActionMask = 2147483647;
			files = (
				09DDFB941C964F2700BD78D0 /* LaunchScreen.storyboard in Resources */,
				09DDFB911C964F2700BD78D0 /* Assets.xcassets in Resources */,
				09DDFB8F1C964F2700BD78D0 /* Main.storyboard in Resources */,
			);
			runOnlyForDeploymentPostprocessing = 0;
		};
/* End PBXResourcesBuildPhase section */

/* Begin PBXSourcesBuildPhase section */
		09DDFB7D1C964F2700BD78D0 /* Sources */ = {
			isa = PBXSourcesBuildPhase;
			buildActionMask = 2147483647;
			files = (
				09DDFB8C1C964F2700BD78D0 /* ViewController.m in Sources */,
				09DDFB891C964F2700BD78D0 /* AppDelegate.m in Sources */,
				09DDFB9D1C964F7A00BD78D0 /* ColumarView.m in Sources */,
				09DDFB861C964F2700BD78D0 /* main.m in Sources */,
			);
			runOnlyForDeploymentPostprocessing = 0;
		};
/* End PBXSourcesBuildPhase section */

/* Begin PBXVariantGroup section */
		09DDFB8D1C964F2700BD78D0 /* Main.storyboard */ = {
			isa = PBXVariantGroup;
			children = (
				09DDFB8E1C964F2700BD78D0 /* Base */,
			);
			name = Main.storyboard;
			sourceTree = "<group>";
		};
		09DDFB921C964F2700BD78D0 /* LaunchScreen.storyboard */ = {
			isa = PBXVariantGroup;
			children = (
				09DDFB931C964F2700BD78D0 /* Base */,
			);
			name = LaunchScreen.storyboard;
			sourceTree = "<group>";
		};
/* End PBXVariantGroup section */

/* Begin XCBuildConfiguration section */
		09DDFB961C964F2700BD78D0 /* Debug */ = {
			isa = XCBuildConfiguration;
			buildSettings = {
				ALWAYS_SEARCH_USER_PATHS = NO;
				CLANG_CXX_LANGUAGE_STANDARD = "gnu++0x";
				CLANG_CXX_LIBRARY = "libc++";
				CLANG_ENABLE_MODULES = YES;
				CLANG_ENABLE_OBJC_ARC = YES;
				CLANG_WARN_BOOL_CONVERSION = YES;
				CLANG_WARN_CONSTANT_CONVERSION = YES;
				CLANG_WARN_DIRECT_OBJC_ISA_USAGE = YES_ERROR;
				CLANG_WARN_EMPTY_BODY = YES;
				CLANG_WARN_ENUM_CONVERSION = YES;
				CLANG_WARN_INT_CONVERSION = YES;
				CLANG_WARN_OBJC_ROOT_CLASS = YES_ERROR;
				CLANG_WARN_UNREACHABLE_CODE = YES;
				CLANG_WARN__DUPLICATE_METHOD_MATCH = YES;
				"CODE_SIGN_IDENTITY[sdk=iphoneos*]" = "iPhone Developer";
				COPY_PHASE_STRIP = NO;
				DEBUG_INFORMATION_FORMAT = dwarf;
				ENABLE_STRICT_OBJC_MSGSEND = YES;
				ENABLE_TESTABILITY = YES;
				GCC_C_LANGUAGE_STANDARD = gnu99;
				GCC_DYNAMIC_NO_PIC = NO;
				GCC_NO_COMMON_BLOCKS = YES;
				GCC_OPTIMIZATION_LEVEL = 0;
				GCC_PREPROCESSOR_DEFINITIONS = (
					"DEBUG=1",
					"$(inherited)",
				);
				GCC_WARN_64_TO_32_BIT_CONVERSION = YES;
				GCC_WARN_ABOUT_RETURN_TYPE = YES_ERROR;
				GCC_WARN_UNDECLARED_SELECTOR = YES;
				GCC_WARN_UNINITIALIZED_AUTOS = YES_AGGRESSIVE;
				GCC_WARN_UNUSED_FUNCTION = YES;
				GCC_WARN_UNUSED_VARIABLE = YES;
				IPHONEOS_DEPLOYMENT_TARGET = 9.2;
				MTL_ENABLE_DEBUG_INFO = YES;
				ONLY_ACTIVE_ARCH = YES;
				SDKROOT = iphoneos;
			};
			name = Debug;
		};
		09DDFB971C964F2700BD78D0 /* Release */ = {
			isa = XCBuildConfiguration;
			buildSettings = {
				ALWAYS_SEARCH_USER_PATHS = NO;
				CLANG_CXX_LANGUAGE_STANDARD = "gnu++0x";
				CLANG_CXX_LIBRARY = "libc++";
				CLANG_ENABLE_MODULES = YES;
				CLANG_ENABLE_OBJC_ARC = YES;
				CLANG_WARN_BOOL_CONVERSION = YES;
				CLANG_WARN_CONSTANT_CONVERSION = YES;
				CLANG_WARN_DIRECT_OBJC_ISA_USAGE = YES_ERROR;
				CLANG_WARN_EMPTY_BODY = YES;
				CLANG_WARN_ENUM_CONVERSION = YES;
				CLANG_WARN_INT_CONVERSION = YES;
				CLANG_WARN_OBJC_ROOT_CLASS = YES_ERROR;
				CLANG_WARN_UNREACHABLE_CODE = YES;
				CLANG_WARN__DUPLICATE_METHOD_MATCH = YES;
				"CODE_SIGN_IDENTITY[sdk=iphoneos*]" = "iPhone Developer";
				COPY_PHASE_STRIP = NO;
				DEBUG_INFORMATION_FORMAT = "dwarf-with-dsym";
				ENABLE_NS_ASSERTIONS = NO;
				ENABLE_STRICT_OBJC_MSGSEND = YES;
				GCC_C_LANGUAGE_STANDARD = gnu99;
				GCC_NO_COMMON_BLOCKS = YES;
				GCC_WARN_64_TO_32_BIT_CONVERSION = YES;
				GCC_WARN_ABOUT_RETURN_TYPE = YES_ERROR;
				GCC_WARN_UNDECLARED_SELECTOR = YES;
				GCC_WARN_UNINITIALIZED_AUTOS = YES_AGGRESSIVE;
				GCC_WARN_UNUSED_FUNCTION = YES;
				GCC_WARN_UNUSED_VARIABLE = YES;
				IPHONEOS_DEPLOYMENT_TARGET = 9.2;
				MTL_ENABLE_DEBUG_INFO = NO;
				SDKROOT = iphoneos;
				VALIDATE_PRODUCT = YES;
			};
			name = Release;
		};
		09DDFB991C964F2700BD78D0 /* Debug */ = {
			isa = XCBuildConfiguration;
			buildSettings = {
				ASSETCATALOG_COMPILER_APPICON_NAME = AppIcon;
				INFOPLIST_FILE = ColumnarDemo/Info.plist;
				LD_RUNPATH_SEARCH_PATHS = "$(inherited) @executable_path/Frameworks";
				PRODUCT_BUNDLE_IDENTIFIER = com.fcbox.ColumnarDemo;
				PRODUCT_NAME = "$(TARGET_NAME)";
			};
			name = Debug;
		};
		09DDFB9A1C964F2700BD78D0 /* Release */ = {
			isa = XCBuildConfiguration;
			buildSettings = {
				ASSETCATALOG_COMPILER_APPICON_NAME = AppIcon;
				INFOPLIST_FILE = ColumnarDemo/Info.plist;
				LD_RUNPATH_SEARCH_PATHS = "$(inherited) @executable_path/Frameworks";
				PRODUCT_BUNDLE_IDENTIFIER = com.fcbox.ColumnarDemo;
				PRODUCT_NAME = "$(TARGET_NAME)";
			};
			name = Release;
		};
/* End XCBuildConfiguration section */

/* Begin XCConfigurationList section */
		09DDFB7C1C964F2700BD78D0 /* Build configuration list for PBXProject "ColumnarDemo" */ = {
			isa = XCConfigurationList;
			buildConfigurations = (
				09DDFB961C964F2700BD78D0 /* Debug */,
				09DDFB971C964F2700BD78D0 /* Release */,
			);
			defaultConfigurationIsVisible = 0;
			defaultConfigurationName = Release;
		};
		09DDFB981C964F2700BD78D0 /* Build configuration list for PBXNativeTarget "ColumnarDemo" */ = {
			isa = XCConfigurationList;
			buildConfigurations = (
				09DDFB991C964F2700BD78D0 /* Debug */,
				09DDFB9A1C964F2700BD78D0 /* Release */,
			);
			defaultConfigurationIsVisible = 0;
		};
/* End XCConfigurationList section */
	};
	rootObject = 09DDFB791C964F2700BD78D0 /* Project object */;
}
